
Microsoft Visual Studio Solution File, Format Version 11.00
# Visual Studio 2010
Project("{FAE04EC0-301F-11D3-BF4B-00C04F79EFBC}") = "Assembly-CSharp", "Assembly-CSharp.csproj", "{F5CA017D-E5DA-DDDD-2E0B-2E878B60A761}"
EndProject
Project("{FAE04EC0-301F-11D3-BF4B-00C04F79EFBC}") = "Assembly-CSharp-Editor", "Assembly-CSharp-Editor.csproj", "{F4A354A6-14C8-DDCB-BB29-433659266AF1}"
EndProject
Global
	GlobalSection(SolutionConfigurationPlatforms) = preSolution
		Debug|Any CPU = Debug|Any CPU
		Release|Any CPU = Release|Any CPU
	EndGlobalSection
	GlobalSection(ProjectConfigurationPlatforms) = postSolution
		{F5CA017D-E5DA-DDDD-2E0B-2E878B60A761}.Debug|Any CPU.ActiveCfg = Debug|Any CPU
		{F5CA017D-E5DA-DDDD-2E0B-2E878B60A761}.Debug|Any CPU.Build.0 = Debug|Any CPU
		{F5CA017D-E5DA-DDDD-2E0B-2E878B60A761}.Release|Any CPU.ActiveCfg = Release|Any CPU
		{F5CA017D-E5DA-DDDD-2E0B-2E878B60A761}.Release|Any CPU.Build.0 = Release|Any CPU
		{F4A354A6-14C8-DDCB-BB29-433659266AF1}.Debug|Any CPU.ActiveCfg = Debug|Any CPU
		{F4A354A6-14C8-DDCB-BB29-433659266AF1}.Debug|Any CPU.Build.0 = Debug|Any CPU
		{F4A354A6-14C8-DDCB-BB29-433659266AF1}.Release|Any CPU.ActiveCfg = Release|Any CPU
		{F4A354A6-14C8-DDCB-BB29-433659266AF1}.Release|Any CPU.Build.0 = Release|Any CPU
	EndGlobalSection
	GlobalSection(SolutionProperties) = preSolution
		HideSolutionNode = FALSE
	EndGlobalSection
	GlobalSection(MonoDevelopProperties) = preSolution
		StartupItem = Assembly-CSharp.csproj
	EndGlobalSection
EndGlobal
